
Microsoft Visual Studio Solution File, Format Version 12.00
# Visual Studio Version 17
VisualStudioVersion = 17.3.32901.215
MinimumVisualStudioVersion = 10.0.40219.1
Project("{FAE04EC0-301F-11D3-BF4B-00C04F79EFBC}") = "WhileIteration", "WhileIteration.csproj", "{66397D96-B2B7-4AF5-BE64-444DD1D78CAE}"
EndProject
Global
	GlobalSection(SolutionConfigurationPlatforms) = preSolution
		Debug|Any CPU = Debug|Any CPU
		Release|Any CPU = Release|Any CPU
	EndGlobalSection
	GlobalSection(ProjectConfigurationPlatforms) = postSolution
		{66397D96-B2B7-4AF5-BE64-444DD1D78CAE}.Debug|Any CPU.ActiveCfg = Debug|Any CPU
		{66397D96-B2B7-4AF5-BE64-444DD1D78CAE}.Debug|Any CPU.Build.0 = Debug|Any CPU
		{66397D96-B2B7-4AF5-BE64-444DD1D78CAE}.Release|Any CPU.ActiveCfg = Release|Any CPU
		{66397D96-B2B7-4AF5-BE64-444DD1D78CAE}.Release|Any CPU.Build.0 = Release|Any CPU
	EndGlobalSection
	GlobalSection(SolutionProperties) = preSolution
		HideSolutionNode = FALSE
	EndGlobalSection
	GlobalSection(ExtensibilityGlobals) = postSolution
		SolutionGuid = {104D99E3-B299-419B-BC9C-ADC609EC7D65}
	EndGlobalSection
EndGlobal
